{
  "name": "blogs",
  "lockfileVersion": 3,
  "requires": true,
  "packages": {
    "": {
      "dependencies": {
        "toasts": "^1.0.0"
      }
    },
    "node_modules/toasts": {
      "version": "1.0.0",
      "resolved": "https://registry.npmjs.org/toasts/-/toasts-1.0.0.tgz",
      "integrity": "sha512-xmuG8nMY2HpJpKDzHfVMMgPW20n87p646yziu7HwXx0bMCyIyA7RsDH8mb7PRw3Pqwt0YLpcGW3OR9Uq4bPxCw==",
      "license": "MIT"
    }
  }
}
